{
  "nodes": {
    "nixpkgs": {
      "locked": {
        "lastModified": 1682609660,
        "narHash": "sha256-Q2lncLCbUpFAs22n4NKjxt8hDsF4lCXq4lDjixjL0us=",
        "owner": "NixOS",
        "repo": "nixpkgs",
        "rev": "76a85de7a731a037f44f1fcc81165c934c66b0a2",
        "type": "github"
      },
      "original": {
        "owner": "NixOS",
        "repo": "nixpkgs",
        "type": "github"
      }
    },
    "root": {
      "inputs": {
        "nixpkgs": "nixpkgs"
      }
    }
  },
  "root": "root",
  "version": 7
}
