{
  "nodes": {
    "nixpkgs": {
      "locked": {
        "lastModified": 1726942710,
        "narHash": "sha256-Ph1yNzdmIBOAWvu5ryRHabV8+P7isVwYgCrnvYZ2dkw=",
        "owner": "NixOS",
        "repo": "nixpkgs",
        "rev": "9a0f009815f30d0753f1e4dda4274bcb70f255ad",
        "type": "github"
      },
      "original": {
        "owner": "NixOS",
        "repo": "nixpkgs",
        "type": "github"
      }
    },
    "root": {
      "inputs": {
        "nixpkgs": "nixpkgs"
      }
    }
  },
  "root": "root",
  "version": 7
}
